
Microsoft Visual Studio Solution File, Format Version 12.00
# Visual Studio Version 16
VisualStudioVersion = 16.0.30517.126
MinimumVisualStudioVersion = 10.0.40219.1
Project("{FAE04EC0-301F-11D3-BF4B-00C04F79EFBC}") = "ReconocimientodeVoz", "ReconocimientodeVoz.csproj", "{189FD64A-4635-453B-9B4A-1F4E293410DE}"
EndProject
Global
	GlobalSection(SolutionConfigurationPlatforms) = preSolution
		Debug|Any CPU = Debug|Any CPU
		Release|Any CPU = Release|Any CPU
	EndGlobalSection
	GlobalSection(ProjectConfigurationPlatforms) = postSolution
		{189FD64A-4635-453B-9B4A-1F4E293410DE}.Debug|Any CPU.ActiveCfg = Debug|Any CPU
		{189FD64A-4635-453B-9B4A-1F4E293410DE}.Debug|Any CPU.Build.0 = Debug|Any CPU
		{189FD64A-4635-453B-9B4A-1F4E293410DE}.Release|Any CPU.ActiveCfg = Release|Any CPU
		{189FD64A-4635-453B-9B4A-1F4E293410DE}.Release|Any CPU.Build.0 = Release|Any CPU
	EndGlobalSection
	GlobalSection(SolutionProperties) = preSolution
		HideSolutionNode = FALSE
	EndGlobalSection
	GlobalSection(ExtensibilityGlobals) = postSolution
		SolutionGuid = {DC032EFE-8873-436B-BCD3-3424F1AE1E10}
	EndGlobalSection
EndGlobal
